
Microsoft Visual Studio Solution File, Format Version 12.00
# Visual Studio Version 16
VisualStudioVersion = 16.0.29728.190
MinimumVisualStudioVersion = 10.0.40219.1
Project("{9A19103F-16F7-4668-BE54-9A1E7A4F7556}") = "WebApplicationPayrollApp1", "WebApplicationPayrollApp1.csproj", "{C8AB5C90-5D52-4FA4-8AF4-0F5B3ED05A9B}"
EndProject
Project("{9A19103F-16F7-4668-BE54-9A1E7A4F7556}") = "ConsolePayrollApp1", "..\ConsolePayrollApp1\ConsolePayrollApp1.csproj", "{63E8A301-9AC6-42B5-8BE7-CBBB1E704DAD}"
EndProject
Project("{9A19103F-16F7-4668-BE54-9A1E7A4F7556}") = "NUnitTestPayrollApp1", "..\NUnitTestPayrollApp1\NUnitTestPayrollApp1.csproj", "{699C3027-96B7-4DDD-A089-7ED8CBD39E87}"
EndProject
Project("{FAE04EC0-301F-11D3-BF4B-00C04F79EFBC}") = "PayrollApp.Domain", "..\PayrollApp.Domain\PayrollApp.Domain.csproj", "{1E9CEC14-4DCC-4374-8C6C-58B269C8009E}"
EndProject
Project("{FAE04EC0-301F-11D3-BF4B-00C04F79EFBC}") = "PayrollApp.Data", "..\PayrollApp.Data\PayrollApp.Data.csproj", "{2107F316-C138-4054-AECB-14FCD42B1C8D}"
EndProject
Global
	GlobalSection(SolutionConfigurationPlatforms) = preSolution
		Debug|Any CPU = Debug|Any CPU
		Release|Any CPU = Release|Any CPU
	EndGlobalSection
	GlobalSection(ProjectConfigurationPlatforms) = postSolution
		{C8AB5C90-5D52-4FA4-8AF4-0F5B3ED05A9B}.Debug|Any CPU.ActiveCfg = Debug|Any CPU
		{C8AB5C90-5D52-4FA4-8AF4-0F5B3ED05A9B}.Debug|Any CPU.Build.0 = Debug|Any CPU
		{C8AB5C90-5D52-4FA4-8AF4-0F5B3ED05A9B}.Release|Any CPU.ActiveCfg = Release|Any CPU
		{C8AB5C90-5D52-4FA4-8AF4-0F5B3ED05A9B}.Release|Any CPU.Build.0 = Release|Any CPU
		{63E8A301-9AC6-42B5-8BE7-CBBB1E704DAD}.Debug|Any CPU.ActiveCfg = Debug|Any CPU
		{63E8A301-9AC6-42B5-8BE7-CBBB1E704DAD}.Debug|Any CPU.Build.0 = Debug|Any CPU
		{63E8A301-9AC6-42B5-8BE7-CBBB1E704DAD}.Release|Any CPU.ActiveCfg = Release|Any CPU
		{63E8A301-9AC6-42B5-8BE7-CBBB1E704DAD}.Release|Any CPU.Build.0 = Release|Any CPU
		{699C3027-96B7-4DDD-A089-7ED8CBD39E87}.Debug|Any CPU.ActiveCfg = Debug|Any CPU
		{699C3027-96B7-4DDD-A089-7ED8CBD39E87}.Debug|Any CPU.Build.0 = Debug|Any CPU
		{699C3027-96B7-4DDD-A089-7ED8CBD39E87}.Release|Any CPU.ActiveCfg = Release|Any CPU
		{699C3027-96B7-4DDD-A089-7ED8CBD39E87}.Release|Any CPU.Build.0 = Release|Any CPU
		{1E9CEC14-4DCC-4374-8C6C-58B269C8009E}.Debug|Any CPU.ActiveCfg = Debug|Any CPU
		{1E9CEC14-4DCC-4374-8C6C-58B269C8009E}.Debug|Any CPU.Build.0 = Debug|Any CPU
		{1E9CEC14-4DCC-4374-8C6C-58B269C8009E}.Release|Any CPU.ActiveCfg = Release|Any CPU
		{1E9CEC14-4DCC-4374-8C6C-58B269C8009E}.Release|Any CPU.Build.0 = Release|Any CPU
		{2107F316-C138-4054-AECB-14FCD42B1C8D}.Debug|Any CPU.ActiveCfg = Debug|Any CPU
		{2107F316-C138-4054-AECB-14FCD42B1C8D}.Debug|Any CPU.Build.0 = Debug|Any CPU
		{2107F316-C138-4054-AECB-14FCD42B1C8D}.Release|Any CPU.ActiveCfg = Release|Any CPU
		{2107F316-C138-4054-AECB-14FCD42B1C8D}.Release|Any CPU.Build.0 = Release|Any CPU
	EndGlobalSection
	GlobalSection(SolutionProperties) = preSolution
		HideSolutionNode = FALSE
	EndGlobalSection
	GlobalSection(ExtensibilityGlobals) = postSolution
		SolutionGuid = {047EC86E-32FE-458C-B2F3-C4501C378681}
	EndGlobalSection
EndGlobal
